
Microsoft Visual Studio Solution File, Format Version 12.00
# Visual Studio 15
VisualStudioVersion = 15.0.27428.2037
MinimumVisualStudioVersion = 10.0.40219.1
Project("{FAE04EC0-301F-11D3-BF4B-00C04F79EFBC}") = "BCKyivApp.WPF", "BCKyivApp_WPF\BCKyivApp.WPF.csproj", "{C7EFA8E9-B11D-4D95-B155-EB52FC9343E7}"
EndProject
Project("{9A19103F-16F7-4668-BE54-9A1E7A4F7556}") = "BCKyivApp.Core", "BCKyiv_Core\BCKyivApp.Core.csproj", "{AC852ED4-FE79-44FE-8B31-409B8CC29A5B}"
EndProject
Project("{9A19103F-16F7-4668-BE54-9A1E7A4F7556}") = "BCKyivApp.Data", "BCKyivApp.Data\BCKyivApp.Data.csproj", "{6CD1D267-30C2-44AE-B277-7100E21B834A}"
EndProject
Project("{FAE04EC0-301F-11D3-BF4B-00C04F79EFBC}") = "ConsoleApp1", "ConsoleApp1\ConsoleApp1.csproj", "{8D7C1674-E6E4-4CED-A199-71131C24E28E}"
EndProject
Project("{2150E333-8FDC-42A3-9474-1A3956D46DE8}") = "Tests", "Tests", "{689FB0D5-A6F8-4177-A8FF-EB7593AFFC89}"
EndProject
Global
	GlobalSection(SolutionConfigurationPlatforms) = preSolution
		Debug|Any CPU = Debug|Any CPU
		Release|Any CPU = Release|Any CPU
	EndGlobalSection
	GlobalSection(ProjectConfigurationPlatforms) = postSolution
		{C7EFA8E9-B11D-4D95-B155-EB52FC9343E7}.Debug|Any CPU.ActiveCfg = Debug|Any CPU
		{C7EFA8E9-B11D-4D95-B155-EB52FC9343E7}.Debug|Any CPU.Build.0 = Debug|Any CPU
		{C7EFA8E9-B11D-4D95-B155-EB52FC9343E7}.Release|Any CPU.ActiveCfg = Release|Any CPU
		{C7EFA8E9-B11D-4D95-B155-EB52FC9343E7}.Release|Any CPU.Build.0 = Release|Any CPU
		{AC852ED4-FE79-44FE-8B31-409B8CC29A5B}.Debug|Any CPU.ActiveCfg = Debug|Any CPU
		{AC852ED4-FE79-44FE-8B31-409B8CC29A5B}.Debug|Any CPU.Build.0 = Debug|Any CPU
		{AC852ED4-FE79-44FE-8B31-409B8CC29A5B}.Release|Any CPU.ActiveCfg = Release|Any CPU
		{AC852ED4-FE79-44FE-8B31-409B8CC29A5B}.Release|Any CPU.Build.0 = Release|Any CPU
		{6CD1D267-30C2-44AE-B277-7100E21B834A}.Debug|Any CPU.ActiveCfg = Debug|Any CPU
		{6CD1D267-30C2-44AE-B277-7100E21B834A}.Debug|Any CPU.Build.0 = Debug|Any CPU
		{6CD1D267-30C2-44AE-B277-7100E21B834A}.Release|Any CPU.ActiveCfg = Release|Any CPU
		{6CD1D267-30C2-44AE-B277-7100E21B834A}.Release|Any CPU.Build.0 = Release|Any CPU
		{8D7C1674-E6E4-4CED-A199-71131C24E28E}.Debug|Any CPU.ActiveCfg = Debug|Any CPU
		{8D7C1674-E6E4-4CED-A199-71131C24E28E}.Debug|Any CPU.Build.0 = Debug|Any CPU
		{8D7C1674-E6E4-4CED-A199-71131C24E28E}.Release|Any CPU.ActiveCfg = Release|Any CPU
		{8D7C1674-E6E4-4CED-A199-71131C24E28E}.Release|Any CPU.Build.0 = Release|Any CPU
	EndGlobalSection
	GlobalSection(SolutionProperties) = preSolution
		HideSolutionNode = FALSE
	EndGlobalSection
	GlobalSection(ExtensibilityGlobals) = postSolution
		SolutionGuid = {A9B878DC-C599-45C5-B496-62E623AEC286}
	EndGlobalSection
EndGlobal
